PODS:
  - AFNetworkActivityLogger (3.0.0):
    - AFNetworking/NSURLSession (~> 3.0)
  - AFNetworking (3.1.0):
    - AFNetworking/NSURLSession (= 3.1.0)
    - AFNetworking/Reachability (= 3.1.0)
    - AFNetworking/Security (= 3.1.0)
    - AFNetworking/Serialization (= 3.1.0)
    - AFNetworking/UIKit (= 3.1.0)
  - AFNetworking/NSURLSession (3.1.0):
    - AFNetworking/Reachability
    - AFNetworking/Security
    - AFNetworking/Serialization
  - AFNetworking/Reachability (3.1.0)
  - AFNetworking/Security (3.1.0)
  - AFNetworking/Serialization (3.1.0)
  - AFNetworking/UIKit (3.1.0):
    - AFNetworking/NSURLSession
  - AGImagePickerControllerForSport (2.0.3)
  - AMapSearch (3.0.1)
  - Crashlytics (3.7.3):
    - Fabric (~> 1.6.3)
  - DACircularProgress (2.3.1)
  - Fabric (1.6.8)
  - JPush-iOS-SDK (2.1.8)
  - MBProgressHUD (0.9.2)
  - MJRefresh (3.1.10)
  - MWPhotoBrowserForSport (1.3):
    - DACircularProgress (~> 2.3)
    - MBProgressHUD (~> 0.9)
    - SDWebImage (!= 3.7.2, = 3.8.1)
  - NJKWebViewProgress (0.2.3):
    - NJKWebViewProgress/Core (= 0.2.3)
    - NJKWebViewProgress/ProgressView (= 0.2.3)
  - NJKWebViewProgress/Core (0.2.3)
  - NJKWebViewProgress/ProgressView (0.2.3)
  - NMPublicRepo (1.4):
    - NMPublicRepo/Basic (= 1.4)
    - NMPublicRepo/Pay (= 1.4)
    - NMPublicRepo/SNS (= 1.4)
  - NMPublicRepo/Basic (1.4):
    - NMPublicRepo/Basic/Network (= 1.4)
    - NMPublicRepo/Basic/Util (= 1.4)
    - NMPublicRepo/Basic/View (= 1.4)
  - NMPublicRepo/Basic/Network (1.4):
    - NMPublicRepo/Basic/Util
  - NMPublicRepo/Basic/Util (1.4)
  - NMPublicRepo/Basic/View (1.4):
    - NMPublicRepo/Basic/Util
  - NMPublicRepo/Pay (1.4):
    - NMPublicRepo/Pay/AliPay (= 1.4)
    - NMPublicRepo/Pay/ApplePay (= 1.4)
    - NMPublicRepo/Pay/UPPay (= 1.4)
  - NMPublicRepo/Pay/AliPay (1.4)
  - NMPublicRepo/Pay/ApplePay (1.4)
  - NMPublicRepo/Pay/UPPay (1.4)
  - NMPublicRepo/SNS (1.4):
    - NMPublicRepo/SNS/Tencent (= 1.4)
    - NMPublicRepo/SNS/Wechat (= 1.4)
  - NMPublicRepo/SNS/Tencent (1.4)
  - NMPublicRepo/SNS/Wechat (1.4)
  - OCHamcrest (5.4.0)
  - OCMock (3.3.1)
  - RongCloudIMKit (2.6.10)
  - SDWebImage (3.8.1):
    - SDWebImage/Core (= 3.8.1)
  - SDWebImage/Core (3.8.1)
  - SSZipArchive (1.5)
  - SVProgressHUD (2.0.3)
  - UITableView+FDTemplateLayoutCell (1.4)
  - UMengAnalytics-NO-IDFA (3.6.7)
  - WeiboSDK (3.1.4)

DEPENDENCIES:
  - AFNetworkActivityLogger (from `https://github.com/AFNetworking/AFNetworkActivityLogger.git`, branch `3_0_0`)
  - AFNetworking (= 3.1.0)
  - AGImagePickerControllerForSport (~> 2.0.3)
  - AMapSearch (~> 3.0.0)
  - Crashlytics
  - Fabric
  - JPush-iOS-SDK (~> 2.1.0)
  - MJRefresh (= 3.1.10)
  - MWPhotoBrowserForSport (~> 1.3)
  - NJKWebViewProgress (= 0.2.3)
  - NMPublicRepo (= 1.4)
  - OCHamcrest (~> 5.0)
  - OCMock (~> 3.3)
  - RongCloudIMKit (= 2.6.10)
  - SSZipArchive (~> 1.1)
  - SVProgressHUD (= 2.0.3)
  - UITableView+FDTemplateLayoutCell (= 1.4)
  - UMengAnalytics-NO-IDFA (~> 3.6.7)
  - WeiboSDK (from `https://raw.githubusercontent.com/jiangyancong/NMSNS/master/WeiboSDK.podspec`)

EXTERNAL SOURCES:
  AFNetworkActivityLogger:
    :branch: '3_0_0'
    :git: https://github.com/AFNetworking/AFNetworkActivityLogger.git
  WeiboSDK:
    :podspec: https://raw.githubusercontent.com/jiangyancong/NMSNS/master/WeiboSDK.podspec

CHECKOUT OPTIONS:
  AFNetworkActivityLogger:
    :commit: abc565fe804f210dfda3b028c9a64e7c32e44600
    :git: https://github.com/AFNetworking/AFNetworkActivityLogger.git

SPEC CHECKSUMS:
  AFNetworkActivityLogger: e77f68d014becb33c4306a23f56a64906ff72670
  AFNetworking: 5e0e199f73d8626b11e79750991f5d173d1f8b67
  AGImagePickerControllerForSport: 1b8b294044e20abc7469ec87289ee45e62758841
  AMapSearch: 431b082417bd3da0c2fe594c4822b664607891e9
  Crashlytics: 76f6beaff70acf226139582c09c78461597c2b98
  DACircularProgress: 4dd437c0fc3da5161cb289e07ac449493d41db71
  Fabric: 5755268d0171435ab167e3d0878a28a777deaf10
  JPush-iOS-SDK: ea5761841ba9beb7e9dab7523c5e6bfe06a48995
  MBProgressHUD: 1569cf7ace17a8bac47aabfbb8580a49690386d1
  MJRefresh: bb72948c985914b0b5cecac573a2c69a8915fb02
  MWPhotoBrowserForSport: fbbcaf16dd53e3ed5e8d8413514b2fcff1a448a7
  NJKWebViewProgress: f481fd424cb5ecc27eacae11b5397db92fba9a4d
  NMPublicRepo: cd6e4dc10cc9c425186a296f388b92f2a76caa9d
  OCHamcrest: 5c1d441c5a82fb18ac17c2aeb52ec1a99edb971b
  OCMock: f3f61e6eaa16038c30caa5798c5e49d3307b6f22
  RongCloudIMKit: 6dd84b468701815012a0d8babd99cef3b19c000f
  SDWebImage: 35f9627a3e44b4f292a8a8ce6a531fa488239b91
  SSZipArchive: 29daace2bccb90a47de2837744da397728ff9207
  SVProgressHUD: b0830714205bea1317ea1a2ebc71e5633af334d4
  UITableView+FDTemplateLayoutCell: 234e1582bcc4e18461af91155123bb96538ed030
  UMengAnalytics-NO-IDFA: 6d02561a00579b2e37718f204eb81347df5d7b8b
  WeiboSDK: d4a15a3a1ab74d578fd7cb5da91bad36ba602ad2

PODFILE CHECKSUM: c200d0cbb169a21d452669ee4d596888a54e1a6c

COCOAPODS: 1.0.0
